
Microsoft Visual Studio Solution File, Format Version 12.00
# Visual Studio Version 16
VisualStudioVersion = 16.0.32413.511
MinimumVisualStudioVersion = 10.0.40219.1
Project("{FAE04EC0-301F-11D3-BF4B-00C04F79EFBC}") = "VestStore", "VestStore\VestStore.csproj", "{015139D4-4720-4026-BC2A-BF90261584E9}"
EndProject
Global
	GlobalSection(SolutionConfigurationPlatforms) = preSolution
		Debug|Any CPU = Debug|Any CPU
		Release|Any CPU = Release|Any CPU
	EndGlobalSection
	GlobalSection(ProjectConfigurationPlatforms) = postSolution
		{015139D4-4720-4026-BC2A-BF90261584E9}.Debug|Any CPU.ActiveCfg = Debug|Any CPU
		{015139D4-4720-4026-BC2A-BF90261584E9}.Debug|Any CPU.Build.0 = Debug|Any CPU
		{015139D4-4720-4026-BC2A-BF90261584E9}.Release|Any CPU.ActiveCfg = Release|Any CPU
		{015139D4-4720-4026-BC2A-BF90261584E9}.Release|Any CPU.Build.0 = Release|Any CPU
	EndGlobalSection
	GlobalSection(SolutionProperties) = preSolution
		HideSolutionNode = FALSE
	EndGlobalSection
	GlobalSection(ExtensibilityGlobals) = postSolution
		SolutionGuid = {65746563-25CF-47B8-BBDB-7EFB6D12B4C1}
	EndGlobalSection
EndGlobal
